// !$*UTF8*$!
{
	archiveVersion = 1;
	classes = {
	};
	objectVersion = 50;
	objects = {

/* Begin PBXBuildFile section */
		1795AB6625BAD98000FD4812 /* AppDelegate.swift in Sources */ = {isa = PBXBuildFile; fileRef = 1795AB6525BAD98000FD4812 /* AppDelegate.swift */; };
		1795AB6A25BAD98000FD4812 /* ViewController.swift in Sources */ = {isa = PBXBuildFile; fileRef = 1795AB6925BAD98000FD4812 /* ViewController.swift */; };
		1795AB6D25BAD98000FD4812 /* Main.storyboard in Resources */ = {isa = PBXBuildFile; fileRef = 1795AB6B25BAD98000FD4812 /* Main.storyboard */; };
		1795AB6F25BAD98000FD4812 /* Assets.xcassets in Resources */ = {isa = PBXBuildFile; fileRef = 1795AB6E25BAD98000FD4812 /* Assets.xcassets */; };
		1795AB7225BAD98000FD4812 /* LaunchScreen.storyboard in Resources */ = {isa = PBXBuildFile; fileRef = 1795AB7025BAD98000FD4812 /* LaunchScreen.storyboard */; };
		17DD724925BEBE5600F2AE70 /* LucidAnimationsSwift.framework in Frameworks */ = {isa = PBXBuildFile; fileRef = 17DD724825BEBE5600F2AE70 /* LucidAnimationsSwift.framework */; };
		17DD724A25BEBE5600F2AE70 /* LucidAnimationsSwift.framework in Embed Frameworks */ = {isa = PBXBuildFile; fileRef = 17DD724825BEBE5600F2AE70 /* LucidAnimationsSwift.framework */; settings = {ATTRIBUTES = (CodeSignOnCopy, RemoveHeadersOnCopy, ); }; };
/* End PBXBuildFile section */

/* Begin PBXCopyFilesBuildPhase section */
		17DD724B25BEBE5600F2AE70 /* Embed Frameworks */ = {
			isa = PBXCopyFilesBuildPhase;
			buildActionMask = 2147483647;
			dstPath = "";
			dstSubfolderSpec = 10;
			files = (
				17DD724A25BEBE5600F2AE70 /* LucidAnimationsSwift.framework in Embed Frameworks */,
			);
			name = "Embed Frameworks";
			runOnlyForDeploymentPostprocessing = 0;
		};
/* End PBXCopyFilesBuildPhase section */

/* Begin PBXFileReference section */
		17603D1C25BADDAC0022E496 /* SimpleAnimationsSwift.framework */ = {isa = PBXFileReference; explicitFileType = wrapper.framework; path = SimpleAnimationsSwift.framework; sourceTree = BUILT_PRODUCTS_DIR; };
		17603D2125BADDFD0022E496 /* SimpleAnimationsSwift.framework */ = {isa = PBXFileReference; explicitFileType = wrapper.framework; path = SimpleAnimationsSwift.framework; sourceTree = BUILT_PRODUCTS_DIR; };
		1795AB6225BAD98000FD4812 /* Demo.app */ = {isa = PBXFileReference; explicitFileType = wrapper.application; includeInIndex = 0; path = Demo.app; sourceTree = BUILT_PRODUCTS_DIR; };
		1795AB6525BAD98000FD4812 /* AppDelegate.swift */ = {isa = PBXFileReference; lastKnownFileType = sourcecode.swift; path = AppDelegate.swift; sourceTree = "<group>"; };
		1795AB6925BAD98000FD4812 /* ViewController.swift */ = {isa = PBXFileReference; lastKnownFileType = sourcecode.swift; path = ViewController.swift; sourceTree = "<group>"; };
		1795AB6C25BAD98000FD4812 /* Base */ = {isa = PBXFileReference; lastKnownFileType = file.storyboard; name = Base; path = Base.lproj/Main.storyboard; sourceTree = "<group>"; };
		1795AB6E25BAD98000FD4812 /* Assets.xcassets */ = {isa = PBXFileReference; lastKnownFileType = folder.assetcatalog; path = Assets.xcassets; sourceTree = "<group>"; };
		1795AB7125BAD98000FD4812 /* Base */ = {isa = PBXFileReference; lastKnownFileType = file.storyboard; name = Base; path = Base.lproj/LaunchScreen.storyboard; sourceTree = "<group>"; };
		1795AB7325BAD98000FD4812 /* Info.plist */ = {isa = PBXFileReference; lastKnownFileType = text.plist.xml; path = Info.plist; sourceTree = "<group>"; };
		17DD724225BEBE3900F2AE70 /* LucidAnimationsSwift.framework */ = {isa = PBXFileReference; explicitFileType = wrapper.framework; path = LucidAnimationsSwift.framework; sourceTree = BUILT_PRODUCTS_DIR; };
		17DD724825BEBE5600F2AE70 /* LucidAnimationsSwift.framework */ = {isa = PBXFileReference; explicitFileType = wrapper.framework; path = LucidAnimationsSwift.framework; sourceTree = BUILT_PRODUCTS_DIR; };
/* End PBXFileReference section */

/* Begin PBXFrameworksBuildPhase section */
		1795AB5F25BAD98000FD4812 /* Frameworks */ = {
			isa = PBXFrameworksBuildPhase;
			buildActionMask = 2147483647;
			files = (
				17DD724925BEBE5600F2AE70 /* LucidAnimationsSwift.framework in Frameworks */,
			);
			runOnlyForDeploymentPostprocessing = 0;
		};
/* End PBXFrameworksBuildPhase section */

/* Begin PBXGroup section */
		17603D1B25BADDAC0022E496 /* Frameworks */ = {
			isa = PBXGroup;
			children = (
				17DD724825BEBE5600F2AE70 /* LucidAnimationsSwift.framework */,
				17DD724225BEBE3900F2AE70 /* LucidAnimationsSwift.framework */,
				17603D2125BADDFD0022E496 /* SimpleAnimationsSwift.framework */,
				17603D1C25BADDAC0022E496 /* SimpleAnimationsSwift.framework */,
			);
			name = Frameworks;
			sourceTree = "<group>";
		};
		1795AB5925BAD98000FD4812 = {
			isa = PBXGroup;
			children = (
				1795AB6425BAD98000FD4812 /* Demo */,
				1795AB6325BAD98000FD4812 /* Products */,
				17603D1B25BADDAC0022E496 /* Frameworks */,
			);
			sourceTree = "<group>";
		};
		1795AB6325BAD98000FD4812 /* Products */ = {
			isa = PBXGroup;
			children = (
				1795AB6225BAD98000FD4812 /* Demo.app */,
			);
			name = Products;
			sourceTree = "<group>";
		};
		1795AB6425BAD98000FD4812 /* Demo */ = {
			isa = PBXGroup;
			children = (
				1795AB6525BAD98000FD4812 /* AppDelegate.swift */,
				1795AB6925BAD98000FD4812 /* ViewController.swift */,
				1795AB6B25BAD98000FD4812 /* Main.storyboard */,
				1795AB6E25BAD98000FD4812 /* Assets.xcassets */,
				1795AB7025BAD98000FD4812 /* LaunchScreen.storyboard */,
				1795AB7325BAD98000FD4812 /* Info.plist */,
			);
			path = Demo;
			sourceTree = "<group>";
		};
/* End PBXGroup section */

/* Begin PBXNativeTarget section */
		1795AB6125BAD98000FD4812 /* Demo */ = {
			isa = PBXNativeTarget;
			buildConfigurationList = 1795AB7625BAD98000FD4812 /* Build configuration list for PBXNativeTarget "Demo" */;
			buildPhases = (
				1795AB5E25BAD98000FD4812 /* Sources */,
				1795AB5F25BAD98000FD4812 /* Frameworks */,
				1795AB6025BAD98000FD4812 /* Resources */,
				17DD724B25BEBE5600F2AE70 /* Embed Frameworks */,
			);
			buildRules = (
			);
			dependencies = (
			);
			name = Demo;
			productName = Demo;
			productReference = 1795AB6225BAD98000FD4812 /* Demo.app */;
			productType = "com.apple.product-type.application";
		};
/* End PBXNativeTarget section */

/* Begin PBXProject section */
		1795AB5A25BAD98000FD4812 /* Project object */ = {
			isa = PBXProject;
			attributes = {
				LastSwiftUpdateCheck = 1230;
				LastUpgradeCheck = 1230;
				TargetAttributes = {
					1795AB6125BAD98000FD4812 = {
						CreatedOnToolsVersion = 12.3;
					};
				};
			};
			buildConfigurationList = 1795AB5D25BAD98000FD4812 /* Build configuration list for PBXProject "Demo" */;
			compatibilityVersion = "Xcode 9.3";
			developmentRegion = en;
			hasScannedForEncodings = 0;
			knownRegions = (
				en,
				Base,
			);
			mainGroup = 1795AB5925BAD98000FD4812;
			productRefGroup = 1795AB6325BAD98000FD4812 /* Products */;
			projectDirPath = "";
			projectRoot = "";
			targets = (
				1795AB6125BAD98000FD4812 /* Demo */,
			);
		};
/* End PBXProject section */

/* Begin PBXResourcesBuildPhase section */
		1795AB6025BAD98000FD4812 /* Resources */ = {
			isa = PBXResourcesBuildPhase;
			buildActionMask = 2147483647;
			files = (
				1795AB7225BAD98000FD4812 /* LaunchScreen.storyboard in Resources */,
				1795AB6F25BAD98000FD4812 /* Assets.xcassets in Resources */,
				1795AB6D25BAD98000FD4812 /* Main.storyboard in Resources */,
			);
			runOnlyForDeploymentPostprocessing = 0;
		};
/* End PBXResourcesBuildPhase section */

/* Begin PBXSourcesBuildPhase section */
		1795AB5E25BAD98000FD4812 /* Sources */ = {
			isa = PBXSourcesBuildPhase;
			buildActionMask = 2147483647;
			files = (
				1795AB6A25BAD98000FD4812 /* ViewController.swift in Sources */,
				1795AB6625BAD98000FD4812 /* AppDelegate.swift in Sources */,
			);
			runOnlyForDeploymentPostprocessing = 0;
		};
/* End PBXSourcesBuildPhase section */

/* Begin PBXVariantGroup section */
		1795AB6B25BAD98000FD4812 /* Main.storyboard */ = {
			isa = PBXVariantGroup;
			children = (
				1795AB6C25BAD98000FD4812 /* Base */,
			);
			name = Main.storyboard;
			sourceTree = "<group>";
		};
		1795AB7025BAD98000FD4812 /* LaunchScreen.storyboard */ = {
			isa = PBXVariantGroup;
			children = (
				1795AB7125BAD98000FD4812 /* Base */,
			);
			name = LaunchScreen.storyboard;
			sourceTree = "<group>";
		};
/* End PBXVariantGroup section */

/* Begin XCBuildConfiguration section */
		1795AB7425BAD98000FD4812 /* Debug */ = {
			isa = XCBuildConfiguration;
			buildSettings = {
				ALWAYS_SEARCH_USER_PATHS = NO;
				CLANG_ANALYZER_NONNULL = YES;
				CLANG_ANALYZER_NUMBER_OBJECT_CONVERSION = YES_AGGRESSIVE;
				CLANG_CXX_LANGUAGE_STANDARD = "gnu++14";
				CLANG_CXX_LIBRARY = "libc++";
				CLANG_ENABLE_MODULES = YES;
				CLANG_ENABLE_OBJC_ARC = YES;
				CLANG_ENABLE_OBJC_WEAK = YES;
				CLANG_WARN_BLOCK_CAPTURE_AUTORELEASING = YES;
				CLANG_WARN_BOOL_CONVERSION = YES;
				CLANG_WARN_COMMA = YES;
				CLANG_WARN_CONSTANT_CONVERSION = YES;
				CLANG_WARN_DEPRECATED_OBJC_IMPLEMENTATIONS = YES;
				CLANG_WARN_DIRECT_OBJC_ISA_USAGE = YES_ERROR;
				CLANG_WARN_DOCUMENTATION_COMMENTS = YES;
				CLANG_WARN_EMPTY_BODY = YES;
				CLANG_WARN_ENUM_CONVERSION = YES;
				CLANG_WARN_INFINITE_RECURSION = YES;
				CLANG_WARN_INT_CONVERSION = YES;
				CLANG_WARN_NON_LITERAL_NULL_CONVERSION = YES;
				CLANG_WARN_OBJC_IMPLICIT_RETAIN_SELF = YES;
				CLANG_WARN_OBJC_LITERAL_CONVERSION = YES;
				CLANG_WARN_OBJC_ROOT_CLASS = YES_ERROR;
				CLANG_WARN_QUOTED_INCLUDE_IN_FRAMEWORK_HEADER = YES;
				CLANG_WARN_RANGE_LOOP_ANALYSIS = YES;
				CLANG_WARN_STRICT_PROTOTYPES = YES;
				CLANG_WARN_SUSPICIOUS_MOVE = YES;
				CLANG_WARN_UNGUARDED_AVAILABILITY = YES_AGGRESSIVE;
				CLANG_WARN_UNREACHABLE_CODE = YES;
				CLANG_WARN__DUPLICATE_METHOD_MATCH = YES;
				COPY_PHASE_STRIP = NO;
				DEBUG_INFORMATION_FORMAT = dwarf;
				ENABLE_STRICT_OBJC_MSGSEND = YES;
				ENABLE_TESTABILITY = YES;
				GCC_C_LANGUAGE_STANDARD = gnu11;
				GCC_DYNAMIC_NO_PIC = NO;
				GCC_NO_COMMON_BLOCKS = YES;
				GCC_OPTIMIZATION_LEVEL = 0;
				GCC_PREPROCESSOR_DEFINITIONS = (
					"DEBUG=1",
					"$(inherited)",
				);
				GCC_WARN_64_TO_32_BIT_CONVERSION = YES;
				GCC_WARN_ABOUT_RETURN_TYPE = YES_ERROR;
				GCC_WARN_UNDECLARED_SELECTOR = YES;
				GCC_WARN_UNINITIALIZED_AUTOS = YES_AGGRESSIVE;
				GCC_WARN_UNUSED_FUNCTION = YES;
				GCC_WARN_UNUSED_VARIABLE = YES;
				IPHONEOS_DEPLOYMENT_TARGET = 14.3;
				MTL_ENABLE_DEBUG_INFO = INCLUDE_SOURCE;
				MTL_FAST_MATH = YES;
				ONLY_ACTIVE_ARCH = YES;
				SDKROOT = iphoneos;
				SWIFT_ACTIVE_COMPILATION_CONDITIONS = DEBUG;
				SWIFT_OPTIMIZATION_LEVEL = "-Onone";
			};
			name = Debug;
		};
		1795AB7525BAD98000FD4812 /* Release */ = {
			isa = XCBuildConfiguration;
			buildSettings = {
				ALWAYS_SEARCH_USER_PATHS = NO;
				CLANG_ANALYZER_NONNULL = YES;
				CLANG_ANALYZER_NUMBER_OBJECT_CONVERSION = YES_AGGRESSIVE;
				CLANG_CXX_LANGUAGE_STANDARD = "gnu++14";
				CLANG_CXX_LIBRARY = "libc++";
				CLANG_ENABLE_MODULES = YES;
				CLANG_ENABLE_OBJC_ARC = YES;
				CLANG_ENABLE_OBJC_WEAK = YES;
				CLANG_WARN_BLOCK_CAPTURE_AUTORELEASING = YES;
				CLANG_WARN_BOOL_CONVERSION = YES;
				CLANG_WARN_COMMA = YES;
				CLANG_WARN_CONSTANT_CONVERSION = YES;
				CLANG_WARN_DEPRECATED_OBJC_IMPLEMENTATIONS = YES;
				CLANG_WARN_DIRECT_OBJC_ISA_USAGE = YES_ERROR;
				CLANG_WARN_DOCUMENTATION_COMMENTS = YES;
				CLANG_WARN_EMPTY_BODY = YES;
				CLANG_WARN_ENUM_CONVERSION = YES;
				CLANG_WARN_INFINITE_RECURSION = YES;
				CLANG_WARN_INT_CONVERSION = YES;
				CLANG_WARN_NON_LITERAL_NULL_CONVERSION = YES;
				CLANG_WARN_OBJC_IMPLICIT_RETAIN_SELF = YES;
				CLANG_WARN_OBJC_LITERAL_CONVERSION = YES;
				CLANG_WARN_OBJC_ROOT_CLASS = YES_ERROR;
				CLANG_WARN_QUOTED_INCLUDE_IN_FRAMEWORK_HEADER = YES;
				CLANG_WARN_RANGE_LOOP_ANALYSIS = YES;
				CLANG_WARN_STRICT_PROTOTYPES = YES;
				CLANG_WARN_SUSPICIOUS_MOVE = YES;
				CLANG_WARN_UNGUARDED_AVAILABILITY = YES_AGGRESSIVE;
				CLANG_WARN_UNREACHABLE_CODE = YES;
				CLANG_WARN__DUPLICATE_METHOD_MATCH = YES;
				COPY_PHASE_STRIP = NO;
				DEBUG_INFORMATION_FORMAT = "dwarf-with-dsym";
				ENABLE_NS_ASSERTIONS = NO;
				ENABLE_STRICT_OBJC_MSGSEND = YES;
				GCC_C_LANGUAGE_STANDARD = gnu11;
				GCC_NO_COMMON_BLOCKS = YES;
				GCC_WARN_64_TO_32_BIT_CONVERSION = YES;
				GCC_WARN_ABOUT_RETURN_TYPE = YES_ERROR;
				GCC_WARN_UNDECLARED_SELECTOR = YES;
				GCC_WARN_UNINITIALIZED_AUTOS = YES_AGGRESSIVE;
				GCC_WARN_UNUSED_FUNCTION = YES;
				GCC_WARN_UNUSED_VARIABLE = YES;
				IPHONEOS_DEPLOYMENT_TARGET = 14.3;
				MTL_ENABLE_DEBUG_INFO = NO;
				MTL_FAST_MATH = YES;
				SDKROOT = iphoneos;
				SWIFT_COMPILATION_MODE = wholemodule;
				SWIFT_OPTIMIZATION_LEVEL = "-O";
				VALIDATE_PRODUCT = YES;
			};
			name = Release;
		};
		1795AB7725BAD98000FD4812 /* Debug */ = {
			isa = XCBuildConfiguration;
			buildSettings = {
				ASSETCATALOG_COMPILER_APPICON_NAME = AppIcon;
				ASSETCATALOG_COMPILER_GLOBAL_ACCENT_COLOR_NAME = AccentColor;
				CODE_SIGN_STYLE = Automatic;
				DEVELOPMENT_TEAM = RP7W82UC8V;
				INFOPLIST_FILE = Demo/Info.plist;
				IPHONEOS_DEPLOYMENT_TARGET = 9.0;
				LD_RUNPATH_SEARCH_PATHS = (
					"$(inherited)",
					"@executable_path/Frameworks",
				);
				PRODUCT_BUNDLE_IDENTIFIER = com.chanonly123.Demo;
				PRODUCT_NAME = "$(TARGET_NAME)";
				SWIFT_VERSION = 5.0;
				TARGETED_DEVICE_FAMILY = "1,2";
			};
			name = Debug;
		};
		1795AB7825BAD98000FD4812 /* Release */ = {
			isa = XCBuildConfiguration;
			buildSettings = {
				ASSETCATALOG_COMPILER_APPICON_NAME = AppIcon;
				ASSETCATALOG_COMPILER_GLOBAL_ACCENT_COLOR_NAME = AccentColor;
				CODE_SIGN_STYLE = Automatic;
				DEVELOPMENT_TEAM = RP7W82UC8V;
				INFOPLIST_FILE = Demo/Info.plist;
				IPHONEOS_DEPLOYMENT_TARGET = 9.0;
				LD_RUNPATH_SEARCH_PATHS = (
					"$(inherited)",
					"@executable_path/Frameworks",
				);
				PRODUCT_BUNDLE_IDENTIFIER = com.chanonly123.Demo;
				PRODUCT_NAME = "$(TARGET_NAME)";
				SWIFT_VERSION = 5.0;
				TARGETED_DEVICE_FAMILY = "1,2";
			};
			name = Release;
		};
/* End XCBuildConfiguration section */

/* Begin XCConfigurationList section */
		1795AB5D25BAD98000FD4812 /* Build configuration list for PBXProject "Demo" */ = {
			isa = XCConfigurationList;
			buildConfigurations = (
				1795AB7425BAD98000FD4812 /* Debug */,
				1795AB7525BAD98000FD4812 /* Release */,
			);
			defaultConfigurationIsVisible = 0;
			defaultConfigurationName = Release;
		};
		1795AB7625BAD98000FD4812 /* Build configuration list for PBXNativeTarget "Demo" */ = {
			isa = XCConfigurationList;
			buildConfigurations = (
				1795AB7725BAD98000FD4812 /* Debug */,
				1795AB7825BAD98000FD4812 /* Release */,
			);
			defaultConfigurationIsVisible = 0;
			defaultConfigurationName = Release;
		};
/* End XCConfigurationList section */
	};
	rootObject = 1795AB5A25BAD98000FD4812 /* Project object */;
}
